
Microsoft Visual Studio Solution File, Format Version 12.00
# Visual Studio Version 16
VisualStudioVersion = 16.0.29926.136
MinimumVisualStudioVersion = 10.0.40219.1
Project("{FAE04EC0-301F-11D3-BF4B-00C04F79EFBC}") = "HackerNewsScraper", "HackerNewsScraper\HackerNewsScraper.csproj", "{264109F7-56CD-4749-8E41-0659FE5BE3E0}"
EndProject
Global
	GlobalSection(SolutionConfigurationPlatforms) = preSolution
		Debug|Any CPU = Debug|Any CPU
		Release|Any CPU = Release|Any CPU
	EndGlobalSection
	GlobalSection(ProjectConfigurationPlatforms) = postSolution
		{264109F7-56CD-4749-8E41-0659FE5BE3E0}.Debug|Any CPU.ActiveCfg = Debug|Any CPU
		{264109F7-56CD-4749-8E41-0659FE5BE3E0}.Debug|Any CPU.Build.0 = Debug|Any CPU
		{264109F7-56CD-4749-8E41-0659FE5BE3E0}.Release|Any CPU.ActiveCfg = Release|Any CPU
		{264109F7-56CD-4749-8E41-0659FE5BE3E0}.Release|Any CPU.Build.0 = Release|Any CPU
	EndGlobalSection
	GlobalSection(SolutionProperties) = preSolution
		HideSolutionNode = FALSE
	EndGlobalSection
	GlobalSection(ExtensibilityGlobals) = postSolution
		SolutionGuid = {DC27C1CE-7C2D-431D-8E7C-D66B078A83AA}
	EndGlobalSection
EndGlobal
